
Microsoft Visual Studio Solution File, Format Version 12.00
Project("{FAE04EC0-301F-11D3-BF4B-00C04F79EFBC}") = "Locations.API", "Locations\src\Locations.API\Locations.API.csproj", "{8361B10B-09FE-4716-811E-D57DE80B5040}"
EndProject
Project("{FAE04EC0-301F-11D3-BF4B-00C04F79EFBC}") = "Locations.Domain", "Locations\src\Locations.Domain\Locations.Domain.csproj", "{27F48522-E2DC-402E-B07D-D8A746991BF3}"
EndProject
Project("{FAE04EC0-301F-11D3-BF4B-00C04F79EFBC}") = "Locations.Contracts", "Locations\src\Locations.Contracts\Locations.Contracts.csproj", "{01354193-F2AE-473F-9C2D-29CF92C92A23}"
EndProject
Project("{FAE04EC0-301F-11D3-BF4B-00C04F79EFBC}") = "Locations.Application", "Locations\src\Locations.Application\Locations.Application.csproj", "{187EE4D7-C228-44F5-B0BE-7767F3747BB9}"
EndProject
Project("{FAE04EC0-301F-11D3-BF4B-00C04F79EFBC}") = "Locations.Infrastructure", "Locations\src\Locations.Infrastructure\Locations.Infrastructure.csproj", "{34044F97-25A8-4322-B8B8-B4B408A366F5}"
EndProject
Project("{2150E333-8FDC-42A3-9474-1A3956D46DE8}") = "Locations", "Locations", "{E2732E73-149B-4756-B96F-AAEC8C8CEF1B}"
EndProject
Project("{2150E333-8FDC-42A3-9474-1A3956D46DE8}") = "src", "src", "{DD927886-15CA-4819-B609-892FFBC37884}"
EndProject
Project("{2150E333-8FDC-42A3-9474-1A3956D46DE8}") = "LocationsConsoleApp", "LocationsConsoleApp", "{0763A61F-A2C1-48F3-8AA7-91859ACE557B}"
EndProject
Project("{2150E333-8FDC-42A3-9474-1A3956D46DE8}") = "src", "src", "{D92E8E92-7707-4DE7-A6AD-952F4E857B1E}"
EndProject
Project("{FAE04EC0-301F-11D3-BF4B-00C04F79EFBC}") = "LocationsConsoleApp", "LocationsConsoleApp\src\LocationsConsoleApp.csproj", "{E52FAB0F-2E97-4E98-972B-EE5F67516655}"
EndProject
Global
	GlobalSection(SolutionConfigurationPlatforms) = preSolution
		Debug|Any CPU = Debug|Any CPU
		Release|Any CPU = Release|Any CPU
	EndGlobalSection
	GlobalSection(ProjectConfigurationPlatforms) = postSolution
		{8361B10B-09FE-4716-811E-D57DE80B5040}.Debug|Any CPU.ActiveCfg = Debug|Any CPU
		{8361B10B-09FE-4716-811E-D57DE80B5040}.Debug|Any CPU.Build.0 = Debug|Any CPU
		{8361B10B-09FE-4716-811E-D57DE80B5040}.Release|Any CPU.ActiveCfg = Release|Any CPU
		{8361B10B-09FE-4716-811E-D57DE80B5040}.Release|Any CPU.Build.0 = Release|Any CPU
		{27F48522-E2DC-402E-B07D-D8A746991BF3}.Debug|Any CPU.ActiveCfg = Debug|Any CPU
		{27F48522-E2DC-402E-B07D-D8A746991BF3}.Debug|Any CPU.Build.0 = Debug|Any CPU
		{27F48522-E2DC-402E-B07D-D8A746991BF3}.Release|Any CPU.ActiveCfg = Release|Any CPU
		{27F48522-E2DC-402E-B07D-D8A746991BF3}.Release|Any CPU.Build.0 = Release|Any CPU
		{01354193-F2AE-473F-9C2D-29CF92C92A23}.Debug|Any CPU.ActiveCfg = Debug|Any CPU
		{01354193-F2AE-473F-9C2D-29CF92C92A23}.Debug|Any CPU.Build.0 = Debug|Any CPU
		{01354193-F2AE-473F-9C2D-29CF92C92A23}.Release|Any CPU.ActiveCfg = Release|Any CPU
		{01354193-F2AE-473F-9C2D-29CF92C92A23}.Release|Any CPU.Build.0 = Release|Any CPU
		{187EE4D7-C228-44F5-B0BE-7767F3747BB9}.Debug|Any CPU.ActiveCfg = Debug|Any CPU
		{187EE4D7-C228-44F5-B0BE-7767F3747BB9}.Debug|Any CPU.Build.0 = Debug|Any CPU
		{187EE4D7-C228-44F5-B0BE-7767F3747BB9}.Release|Any CPU.ActiveCfg = Release|Any CPU
		{187EE4D7-C228-44F5-B0BE-7767F3747BB9}.Release|Any CPU.Build.0 = Release|Any CPU
		{34044F97-25A8-4322-B8B8-B4B408A366F5}.Debug|Any CPU.ActiveCfg = Debug|Any CPU
		{34044F97-25A8-4322-B8B8-B4B408A366F5}.Debug|Any CPU.Build.0 = Debug|Any CPU
		{34044F97-25A8-4322-B8B8-B4B408A366F5}.Release|Any CPU.ActiveCfg = Release|Any CPU
		{34044F97-25A8-4322-B8B8-B4B408A366F5}.Release|Any CPU.Build.0 = Release|Any CPU
		{E52FAB0F-2E97-4E98-972B-EE5F67516655}.Debug|Any CPU.ActiveCfg = Debug|Any CPU
		{E52FAB0F-2E97-4E98-972B-EE5F67516655}.Debug|Any CPU.Build.0 = Debug|Any CPU
		{E52FAB0F-2E97-4E98-972B-EE5F67516655}.Release|Any CPU.ActiveCfg = Release|Any CPU
		{E52FAB0F-2E97-4E98-972B-EE5F67516655}.Release|Any CPU.Build.0 = Release|Any CPU
	EndGlobalSection
	GlobalSection(NestedProjects) = preSolution
		{DD927886-15CA-4819-B609-892FFBC37884} = {E2732E73-149B-4756-B96F-AAEC8C8CEF1B}
		{8361B10B-09FE-4716-811E-D57DE80B5040} = {DD927886-15CA-4819-B609-892FFBC37884}
		{187EE4D7-C228-44F5-B0BE-7767F3747BB9} = {DD927886-15CA-4819-B609-892FFBC37884}
		{01354193-F2AE-473F-9C2D-29CF92C92A23} = {DD927886-15CA-4819-B609-892FFBC37884}
		{27F48522-E2DC-402E-B07D-D8A746991BF3} = {DD927886-15CA-4819-B609-892FFBC37884}
		{34044F97-25A8-4322-B8B8-B4B408A366F5} = {DD927886-15CA-4819-B609-892FFBC37884}
		{D92E8E92-7707-4DE7-A6AD-952F4E857B1E} = {0763A61F-A2C1-48F3-8AA7-91859ACE557B}
		{E52FAB0F-2E97-4E98-972B-EE5F67516655} = {D92E8E92-7707-4DE7-A6AD-952F4E857B1E}
	EndGlobalSection
EndGlobal
